
Microsoft Visual Studio Solution File, Format Version 12.00
# Visual Studio Version 16
VisualStudioVersion = 16.0.31624.102
MinimumVisualStudioVersion = 10.0.40219.1
Project("{FAE04EC0-301F-11D3-BF4B-00C04F79EFBC}") = "MediatrDemo1", "MediatrDemo1\MediatrDemo1.csproj", "{1EF1B068-EFFE-4089-802F-F8A2771719EE}"
EndProject
Project("{FAE04EC0-301F-11D3-BF4B-00C04F79EFBC}") = "MediatrDemo2", "..\MediatrDemo2\MediatrDemo2.csproj", "{68E1617A-49DB-4EEE-BC92-11107069D49F}"
EndProject
Global
	GlobalSection(SolutionConfigurationPlatforms) = preSolution
		Debug|Any CPU = Debug|Any CPU
		Release|Any CPU = Release|Any CPU
	EndGlobalSection
	GlobalSection(ProjectConfigurationPlatforms) = postSolution
		{1EF1B068-EFFE-4089-802F-F8A2771719EE}.Debug|Any CPU.ActiveCfg = Debug|Any CPU
		{1EF1B068-EFFE-4089-802F-F8A2771719EE}.Debug|Any CPU.Build.0 = Debug|Any CPU
		{1EF1B068-EFFE-4089-802F-F8A2771719EE}.Release|Any CPU.ActiveCfg = Release|Any CPU
		{1EF1B068-EFFE-4089-802F-F8A2771719EE}.Release|Any CPU.Build.0 = Release|Any CPU
		{68E1617A-49DB-4EEE-BC92-11107069D49F}.Debug|Any CPU.ActiveCfg = Debug|Any CPU
		{68E1617A-49DB-4EEE-BC92-11107069D49F}.Debug|Any CPU.Build.0 = Debug|Any CPU
		{68E1617A-49DB-4EEE-BC92-11107069D49F}.Release|Any CPU.ActiveCfg = Release|Any CPU
		{68E1617A-49DB-4EEE-BC92-11107069D49F}.Release|Any CPU.Build.0 = Release|Any CPU
	EndGlobalSection
	GlobalSection(SolutionProperties) = preSolution
		HideSolutionNode = FALSE
	EndGlobalSection
	GlobalSection(ExtensibilityGlobals) = postSolution
		SolutionGuid = {07F49623-D5EF-42EE-A6B2-6391C8480662}
	EndGlobalSection
EndGlobal
